// !$*UTF8*$!
{
	archiveVersion = 1;
	classes = {
	};
	objectVersion = 50;
	objects = {

/* Begin PBXBuildFile section */
		AE8325482417F57A00D4C482 /* AppDelegate.swift in Sources */ = {isa = PBXBuildFile; fileRef = AE8325472417F57A00D4C482 /* AppDelegate.swift */; };
		AE83254A2417F57A00D4C482 /* SceneDelegate.swift in Sources */ = {isa = PBXBuildFile; fileRef = AE8325492417F57A00D4C482 /* SceneDelegate.swift */; };
		AE83254C2417F57A00D4C482 /* ViewController.swift in Sources */ = {isa = PBXBuildFile; fileRef = AE83254B2417F57A00D4C482 /* ViewController.swift */; };
		AE83254F2417F57A00D4C482 /* Main.storyboard in Resources */ = {isa = PBXBuildFile; fileRef = AE83254D2417F57A00D4C482 /* Main.storyboard */; };
		AE8325522417F57A00D4C482 /* MVP.xcdatamodeld in Sources */ = {isa = PBXBuildFile; fileRef = AE8325502417F57A00D4C482 /* MVP.xcdatamodeld */; };
		AE8325542417F57E00D4C482 /* Assets.xcassets in Resources */ = {isa = PBXBuildFile; fileRef = AE8325532417F57E00D4C482 /* Assets.xcassets */; };
		AE8325572417F57E00D4C482 /* LaunchScreen.storyboard in Resources */ = {isa = PBXBuildFile; fileRef = AE8325552417F57E00D4C482 /* LaunchScreen.storyboard */; };
		AE8325622417F57F00D4C482 /* MVPTests.swift in Sources */ = {isa = PBXBuildFile; fileRef = AE8325612417F57F00D4C482 /* MVPTests.swift */; };
		AE83256F2417F62400D4C482 /* P2PDashboardViewController.swift in Sources */ = {isa = PBXBuildFile; fileRef = AE83256D2417F62400D4C482 /* P2PDashboardViewController.swift */; };
		AE8325702417F62400D4C482 /* P2PDashboardViewController.xib in Resources */ = {isa = PBXBuildFile; fileRef = AE83256E2417F62400D4C482 /* P2PDashboardViewController.xib */; };
		AE8325732417F67C00D4C482 /* P2PCoordinator.swift in Sources */ = {isa = PBXBuildFile; fileRef = AE8325722417F67C00D4C482 /* P2PCoordinator.swift */; };
/* End PBXBuildFile section */

/* Begin PBXContainerItemProxy section */
		AE83255E2417F57F00D4C482 /* PBXContainerItemProxy */ = {
			isa = PBXContainerItemProxy;
			containerPortal = AE83253C2417F57A00D4C482 /* Project object */;
			proxyType = 1;
			remoteGlobalIDString = AE8325432417F57A00D4C482;
			remoteInfo = MVP;
		};
/* End PBXContainerItemProxy section */

/* Begin PBXFileReference section */
		AE8325442417F57A00D4C482 /* MVP.app */ = {isa = PBXFileReference; explicitFileType = wrapper.application; includeInIndex = 0; path = MVP.app; sourceTree = BUILT_PRODUCTS_DIR; };
		AE8325472417F57A00D4C482 /* AppDelegate.swift */ = {isa = PBXFileReference; lastKnownFileType = sourcecode.swift; path = AppDelegate.swift; sourceTree = "<group>"; };
		AE8325492417F57A00D4C482 /* SceneDelegate.swift */ = {isa = PBXFileReference; lastKnownFileType = sourcecode.swift; path = SceneDelegate.swift; sourceTree = "<group>"; };
		AE83254B2417F57A00D4C482 /* ViewController.swift */ = {isa = PBXFileReference; lastKnownFileType = sourcecode.swift; path = ViewController.swift; sourceTree = "<group>"; };
		AE83254E2417F57A00D4C482 /* Base */ = {isa = PBXFileReference; lastKnownFileType = file.storyboard; name = Base; path = Base.lproj/Main.storyboard; sourceTree = "<group>"; };
		AE8325512417F57A00D4C482 /* MVP.xcdatamodel */ = {isa = PBXFileReference; lastKnownFileType = wrapper.xcdatamodel; path = MVP.xcdatamodel; sourceTree = "<group>"; };
		AE8325532417F57E00D4C482 /* Assets.xcassets */ = {isa = PBXFileReference; lastKnownFileType = folder.assetcatalog; path = Assets.xcassets; sourceTree = "<group>"; };
		AE8325562417F57E00D4C482 /* Base */ = {isa = PBXFileReference; lastKnownFileType = file.storyboard; name = Base; path = Base.lproj/LaunchScreen.storyboard; sourceTree = "<group>"; };
		AE8325582417F57E00D4C482 /* Info.plist */ = {isa = PBXFileReference; lastKnownFileType = text.plist.xml; path = Info.plist; sourceTree = "<group>"; };
		AE83255D2417F57F00D4C482 /* MVPTests.xctest */ = {isa = PBXFileReference; explicitFileType = wrapper.cfbundle; includeInIndex = 0; path = MVPTests.xctest; sourceTree = BUILT_PRODUCTS_DIR; };
		AE8325612417F57F00D4C482 /* MVPTests.swift */ = {isa = PBXFileReference; lastKnownFileType = sourcecode.swift; path = MVPTests.swift; sourceTree = "<group>"; };
		AE8325632417F57F00D4C482 /* Info.plist */ = {isa = PBXFileReference; lastKnownFileType = text.plist.xml; path = Info.plist; sourceTree = "<group>"; };
		AE83256D2417F62400D4C482 /* P2PDashboardViewController.swift */ = {isa = PBXFileReference; lastKnownFileType = sourcecode.swift; path = P2PDashboardViewController.swift; sourceTree = "<group>"; };
		AE83256E2417F62400D4C482 /* P2PDashboardViewController.xib */ = {isa = PBXFileReference; lastKnownFileType = file.xib; path = P2PDashboardViewController.xib; sourceTree = "<group>"; };
		AE8325722417F67C00D4C482 /* P2PCoordinator.swift */ = {isa = PBXFileReference; lastKnownFileType = sourcecode.swift; path = P2PCoordinator.swift; sourceTree = "<group>"; };
/* End PBXFileReference section */

/* Begin PBXFrameworksBuildPhase section */
		AE8325412417F57A00D4C482 /* Frameworks */ = {
			isa = PBXFrameworksBuildPhase;
			buildActionMask = 2147483647;
			files = (
			);
			runOnlyForDeploymentPostprocessing = 0;
		};
		AE83255A2417F57F00D4C482 /* Frameworks */ = {
			isa = PBXFrameworksBuildPhase;
			buildActionMask = 2147483647;
			files = (
			);
			runOnlyForDeploymentPostprocessing = 0;
		};
/* End PBXFrameworksBuildPhase section */

/* Begin PBXGroup section */
		AE83253B2417F57A00D4C482 = {
			isa = PBXGroup;
			children = (
				AE8325462417F57A00D4C482 /* MVP */,
				AE8325602417F57F00D4C482 /* MVPTests */,
				AE8325452417F57A00D4C482 /* Products */,
			);
			sourceTree = "<group>";
		};
		AE8325452417F57A00D4C482 /* Products */ = {
			isa = PBXGroup;
			children = (
				AE8325442417F57A00D4C482 /* MVP.app */,
				AE83255D2417F57F00D4C482 /* MVPTests.xctest */,
			);
			name = Products;
			sourceTree = "<group>";
		};
		AE8325462417F57A00D4C482 /* MVP */ = {
			isa = PBXGroup;
			children = (
				AE83256C2417F60300D4C482 /* KoinP2P */,
				AE8325472417F57A00D4C482 /* AppDelegate.swift */,
				AE8325492417F57A00D4C482 /* SceneDelegate.swift */,
				AE83254B2417F57A00D4C482 /* ViewController.swift */,
				AE83254D2417F57A00D4C482 /* Main.storyboard */,
				AE8325532417F57E00D4C482 /* Assets.xcassets */,
				AE8325552417F57E00D4C482 /* LaunchScreen.storyboard */,
				AE8325582417F57E00D4C482 /* Info.plist */,
				AE8325502417F57A00D4C482 /* MVP.xcdatamodeld */,
			);
			path = MVP;
			sourceTree = "<group>";
		};
		AE8325602417F57F00D4C482 /* MVPTests */ = {
			isa = PBXGroup;
			children = (
				AE8325612417F57F00D4C482 /* MVPTests.swift */,
				AE8325632417F57F00D4C482 /* Info.plist */,
			);
			path = MVPTests;
			sourceTree = "<group>";
		};
		AE83256C2417F60300D4C482 /* KoinP2P */ = {
			isa = PBXGroup;
			children = (
				AE8325712417F66900D4C482 /* Coordinator */,
				AE83256D2417F62400D4C482 /* P2PDashboardViewController.swift */,
				AE83256E2417F62400D4C482 /* P2PDashboardViewController.xib */,
			);
			path = KoinP2P;
			sourceTree = "<group>";
		};
		AE8325712417F66900D4C482 /* Coordinator */ = {
			isa = PBXGroup;
			children = (
				AE8325722417F67C00D4C482 /* P2PCoordinator.swift */,
			);
			path = Coordinator;
			sourceTree = "<group>";
		};
/* End PBXGroup section */

/* Begin PBXNativeTarget section */
		AE8325432417F57A00D4C482 /* MVP */ = {
			isa = PBXNativeTarget;
			buildConfigurationList = AE8325662417F57F00D4C482 /* Build configuration list for PBXNativeTarget "MVP" */;
			buildPhases = (
				AE8325402417F57A00D4C482 /* Sources */,
				AE8325412417F57A00D4C482 /* Frameworks */,
				AE8325422417F57A00D4C482 /* Resources */,
			);
			buildRules = (
			);
			dependencies = (
			);
			name = MVP;
			productName = MVP;
			productReference = AE8325442417F57A00D4C482 /* MVP.app */;
			productType = "com.apple.product-type.application";
		};
		AE83255C2417F57F00D4C482 /* MVPTests */ = {
			isa = PBXNativeTarget;
			buildConfigurationList = AE8325692417F57F00D4C482 /* Build configuration list for PBXNativeTarget "MVPTests" */;
			buildPhases = (
				AE8325592417F57F00D4C482 /* Sources */,
				AE83255A2417F57F00D4C482 /* Frameworks */,
				AE83255B2417F57F00D4C482 /* Resources */,
			);
			buildRules = (
			);
			dependencies = (
				AE83255F2417F57F00D4C482 /* PBXTargetDependency */,
			);
			name = MVPTests;
			productName = MVPTests;
			productReference = AE83255D2417F57F00D4C482 /* MVPTests.xctest */;
			productType = "com.apple.product-type.bundle.unit-test";
		};
/* End PBXNativeTarget section */

/* Begin PBXProject section */
		AE83253C2417F57A00D4C482 /* Project object */ = {
			isa = PBXProject;
			attributes = {
				LastSwiftUpdateCheck = 1130;
				LastUpgradeCheck = 1130;
				ORGANIZATIONNAME = iSal;
				TargetAttributes = {
					AE8325432417F57A00D4C482 = {
						CreatedOnToolsVersion = 11.3.1;
					};
					AE83255C2417F57F00D4C482 = {
						CreatedOnToolsVersion = 11.3.1;
						TestTargetID = AE8325432417F57A00D4C482;
					};
				};
			};
			buildConfigurationList = AE83253F2417F57A00D4C482 /* Build configuration list for PBXProject "MVP" */;
			compatibilityVersion = "Xcode 9.3";
			developmentRegion = en;
			hasScannedForEncodings = 0;
			knownRegions = (
				en,
				Base,
			);
			mainGroup = AE83253B2417F57A00D4C482;
			productRefGroup = AE8325452417F57A00D4C482 /* Products */;
			projectDirPath = "";
			projectRoot = "";
			targets = (
				AE8325432417F57A00D4C482 /* MVP */,
				AE83255C2417F57F00D4C482 /* MVPTests */,
			);
		};
/* End PBXProject section */

/* Begin PBXResourcesBuildPhase section */
		AE8325422417F57A00D4C482 /* Resources */ = {
			isa = PBXResourcesBuildPhase;
			buildActionMask = 2147483647;
			files = (
				AE8325702417F62400D4C482 /* P2PDashboardViewController.xib in Resources */,
				AE8325572417F57E00D4C482 /* LaunchScreen.storyboard in Resources */,
				AE8325542417F57E00D4C482 /* Assets.xcassets in Resources */,
				AE83254F2417F57A00D4C482 /* Main.storyboard in Resources */,
			);
			runOnlyForDeploymentPostprocessing = 0;
		};
		AE83255B2417F57F00D4C482 /* Resources */ = {
			isa = PBXResourcesBuildPhase;
			buildActionMask = 2147483647;
			files = (
			);
			runOnlyForDeploymentPostprocessing = 0;
		};
/* End PBXResourcesBuildPhase section */

/* Begin PBXSourcesBuildPhase section */
		AE8325402417F57A00D4C482 /* Sources */ = {
			isa = PBXSourcesBuildPhase;
			buildActionMask = 2147483647;
			files = (
				AE83254C2417F57A00D4C482 /* ViewController.swift in Sources */,
				AE83256F2417F62400D4C482 /* P2PDashboardViewController.swift in Sources */,
				AE8325482417F57A00D4C482 /* AppDelegate.swift in Sources */,
				AE8325732417F67C00D4C482 /* P2PCoordinator.swift in Sources */,
				AE83254A2417F57A00D4C482 /* SceneDelegate.swift in Sources */,
				AE8325522417F57A00D4C482 /* MVP.xcdatamodeld in Sources */,
			);
			runOnlyForDeploymentPostprocessing = 0;
		};
		AE8325592417F57F00D4C482 /* Sources */ = {
			isa = PBXSourcesBuildPhase;
			buildActionMask = 2147483647;
			files = (
				AE8325622417F57F00D4C482 /* MVPTests.swift in Sources */,
			);
			runOnlyForDeploymentPostprocessing = 0;
		};
/* End PBXSourcesBuildPhase section */

/* Begin PBXTargetDependency section */
		AE83255F2417F57F00D4C482 /* PBXTargetDependency */ = {
			isa = PBXTargetDependency;
			target = AE8325432417F57A00D4C482 /* MVP */;
			targetProxy = AE83255E2417F57F00D4C482 /* PBXContainerItemProxy */;
		};
/* End PBXTargetDependency section */

/* Begin PBXVariantGroup section */
		AE83254D2417F57A00D4C482 /* Main.storyboard */ = {
			isa = PBXVariantGroup;
			children = (
				AE83254E2417F57A00D4C482 /* Base */,
			);
			name = Main.storyboard;
			sourceTree = "<group>";
		};
		AE8325552417F57E00D4C482 /* LaunchScreen.storyboard */ = {
			isa = PBXVariantGroup;
			children = (
				AE8325562417F57E00D4C482 /* Base */,
			);
			name = LaunchScreen.storyboard;
			sourceTree = "<group>";
		};
/* End PBXVariantGroup section */

/* Begin XCBuildConfiguration section */
		AE8325642417F57F00D4C482 /* Debug */ = {
			isa = XCBuildConfiguration;
			buildSettings = {
				ALWAYS_SEARCH_USER_PATHS = NO;
				CLANG_ANALYZER_NONNULL = YES;
				CLANG_ANALYZER_NUMBER_OBJECT_CONVERSION = YES_AGGRESSIVE;
				CLANG_CXX_LANGUAGE_STANDARD = "gnu++14";
				CLANG_CXX_LIBRARY = "libc++";
				CLANG_ENABLE_MODULES = YES;
				CLANG_ENABLE_OBJC_ARC = YES;
				CLANG_ENABLE_OBJC_WEAK = YES;
				CLANG_WARN_BLOCK_CAPTURE_AUTORELEASING = YES;
				CLANG_WARN_BOOL_CONVERSION = YES;
				CLANG_WARN_COMMA = YES;
				CLANG_WARN_CONSTANT_CONVERSION = YES;
				CLANG_WARN_DEPRECATED_OBJC_IMPLEMENTATIONS = YES;
				CLANG_WARN_DIRECT_OBJC_ISA_USAGE = YES_ERROR;
				CLANG_WARN_DOCUMENTATION_COMMENTS = YES;
				CLANG_WARN_EMPTY_BODY = YES;
				CLANG_WARN_ENUM_CONVERSION = YES;
				CLANG_WARN_INFINITE_RECURSION = YES;
				CLANG_WARN_INT_CONVERSION = YES;
				CLANG_WARN_NON_LITERAL_NULL_CONVERSION = YES;
				CLANG_WARN_OBJC_IMPLICIT_RETAIN_SELF = YES;
				CLANG_WARN_OBJC_LITERAL_CONVERSION = YES;
				CLANG_WARN_OBJC_ROOT_CLASS = YES_ERROR;
				CLANG_WARN_RANGE_LOOP_ANALYSIS = YES;
				CLANG_WARN_STRICT_PROTOTYPES = YES;
				CLANG_WARN_SUSPICIOUS_MOVE = YES;
				CLANG_WARN_UNGUARDED_AVAILABILITY = YES_AGGRESSIVE;
				CLANG_WARN_UNREACHABLE_CODE = YES;
				CLANG_WARN__DUPLICATE_METHOD_MATCH = YES;
				COPY_PHASE_STRIP = NO;
				DEBUG_INFORMATION_FORMAT = dwarf;
				ENABLE_STRICT_OBJC_MSGSEND = YES;
				ENABLE_TESTABILITY = YES;
				GCC_C_LANGUAGE_STANDARD = gnu11;
				GCC_DYNAMIC_NO_PIC = NO;
				GCC_NO_COMMON_BLOCKS = YES;
				GCC_OPTIMIZATION_LEVEL = 0;
				GCC_PREPROCESSOR_DEFINITIONS = (
					"DEBUG=1",
					"$(inherited)",
				);
				GCC_WARN_64_TO_32_BIT_CONVERSION = YES;
				GCC_WARN_ABOUT_RETURN_TYPE = YES_ERROR;
				GCC_WARN_UNDECLARED_SELECTOR = YES;
				GCC_WARN_UNINITIALIZED_AUTOS = YES_AGGRESSIVE;
				GCC_WARN_UNUSED_FUNCTION = YES;
				GCC_WARN_UNUSED_VARIABLE = YES;
				IPHONEOS_DEPLOYMENT_TARGET = 13.2;
				MTL_ENABLE_DEBUG_INFO = INCLUDE_SOURCE;
				MTL_FAST_MATH = YES;
				ONLY_ACTIVE_ARCH = YES;
				SDKROOT = iphoneos;
				SWIFT_ACTIVE_COMPILATION_CONDITIONS = DEBUG;
				SWIFT_OPTIMIZATION_LEVEL = "-Onone";
			};
			name = Debug;
		};
		AE8325652417F57F00D4C482 /* Release */ = {
			isa = XCBuildConfiguration;
			buildSettings = {
				ALWAYS_SEARCH_USER_PATHS = NO;
				CLANG_ANALYZER_NONNULL = YES;
				CLANG_ANALYZER_NUMBER_OBJECT_CONVERSION = YES_AGGRESSIVE;
				CLANG_CXX_LANGUAGE_STANDARD = "gnu++14";
				CLANG_CXX_LIBRARY = "libc++";
				CLANG_ENABLE_MODULES = YES;
				CLANG_ENABLE_OBJC_ARC = YES;
				CLANG_ENABLE_OBJC_WEAK = YES;
				CLANG_WARN_BLOCK_CAPTURE_AUTORELEASING = YES;
				CLANG_WARN_BOOL_CONVERSION = YES;
				CLANG_WARN_COMMA = YES;
				CLANG_WARN_CONSTANT_CONVERSION = YES;
				CLANG_WARN_DEPRECATED_OBJC_IMPLEMENTATIONS = YES;
				CLANG_WARN_DIRECT_OBJC_ISA_USAGE = YES_ERROR;
				CLANG_WARN_DOCUMENTATION_COMMENTS = YES;
				CLANG_WARN_EMPTY_BODY = YES;
				CLANG_WARN_ENUM_CONVERSION = YES;
				CLANG_WARN_INFINITE_RECURSION = YES;
				CLANG_WARN_INT_CONVERSION = YES;
				CLANG_WARN_NON_LITERAL_NULL_CONVERSION = YES;
				CLANG_WARN_OBJC_IMPLICIT_RETAIN_SELF = YES;
				CLANG_WARN_OBJC_LITERAL_CONVERSION = YES;
				CLANG_WARN_OBJC_ROOT_CLASS = YES_ERROR;
				CLANG_WARN_RANGE_LOOP_ANALYSIS = YES;
				CLANG_WARN_STRICT_PROTOTYPES = YES;
				CLANG_WARN_SUSPICIOUS_MOVE = YES;
				CLANG_WARN_UNGUARDED_AVAILABILITY = YES_AGGRESSIVE;
				CLANG_WARN_UNREACHABLE_CODE = YES;
				CLANG_WARN__DUPLICATE_METHOD_MATCH = YES;
				COPY_PHASE_STRIP = NO;
				DEBUG_INFORMATION_FORMAT = "dwarf-with-dsym";
				ENABLE_NS_ASSERTIONS = NO;
				ENABLE_STRICT_OBJC_MSGSEND = YES;
				GCC_C_LANGUAGE_STANDARD = gnu11;
				GCC_NO_COMMON_BLOCKS = YES;
				GCC_WARN_64_TO_32_BIT_CONVERSION = YES;
				GCC_WARN_ABOUT_RETURN_TYPE = YES_ERROR;
				GCC_WARN_UNDECLARED_SELECTOR = YES;
				GCC_WARN_UNINITIALIZED_AUTOS = YES_AGGRESSIVE;
				GCC_WARN_UNUSED_FUNCTION = YES;
				GCC_WARN_UNUSED_VARIABLE = YES;
				IPHONEOS_DEPLOYMENT_TARGET = 13.2;
				MTL_ENABLE_DEBUG_INFO = NO;
				MTL_FAST_MATH = YES;
				SDKROOT = iphoneos;
				SWIFT_COMPILATION_MODE = wholemodule;
				SWIFT_OPTIMIZATION_LEVEL = "-O";
				VALIDATE_PRODUCT = YES;
			};
			name = Release;
		};
		AE8325672417F57F00D4C482 /* Debug */ = {
			isa = XCBuildConfiguration;
			buildSettings = {
				ASSETCATALOG_COMPILER_APPICON_NAME = AppIcon;
				CODE_SIGN_STYLE = Automatic;
				DEVELOPMENT_TEAM = 65U2DYU8H7;
				INFOPLIST_FILE = MVP/Info.plist;
				LD_RUNPATH_SEARCH_PATHS = (
					"$(inherited)",
					"@executable_path/Frameworks",
				);
				PRODUCT_BUNDLE_IDENTIFIER = com.yusufaisal.MVP;
				PRODUCT_NAME = "$(TARGET_NAME)";
				SWIFT_VERSION = 5.0;
				TARGETED_DEVICE_FAMILY = "1,2";
			};
			name = Debug;
		};
		AE8325682417F57F00D4C482 /* Release */ = {
			isa = XCBuildConfiguration;
			buildSettings = {
				ASSETCATALOG_COMPILER_APPICON_NAME = AppIcon;
				CODE_SIGN_STYLE = Automatic;
				DEVELOPMENT_TEAM = 65U2DYU8H7;
				INFOPLIST_FILE = MVP/Info.plist;
				LD_RUNPATH_SEARCH_PATHS = (
					"$(inherited)",
					"@executable_path/Frameworks",
				);
				PRODUCT_BUNDLE_IDENTIFIER = com.yusufaisal.MVP;
				PRODUCT_NAME = "$(TARGET_NAME)";
				SWIFT_VERSION = 5.0;
				TARGETED_DEVICE_FAMILY = "1,2";
			};
			name = Release;
		};
		AE83256A2417F57F00D4C482 /* Debug */ = {
			isa = XCBuildConfiguration;
			buildSettings = {
				ALWAYS_EMBED_SWIFT_STANDARD_LIBRARIES = YES;
				BUNDLE_LOADER = "$(TEST_HOST)";
				CODE_SIGN_STYLE = Automatic;
				DEVELOPMENT_TEAM = 65U2DYU8H7;
				INFOPLIST_FILE = MVPTests/Info.plist;
				IPHONEOS_DEPLOYMENT_TARGET = 13.2;
				LD_RUNPATH_SEARCH_PATHS = (
					"$(inherited)",
					"@executable_path/Frameworks",
					"@loader_path/Frameworks",
				);
				PRODUCT_BUNDLE_IDENTIFIER = com.yusufaisal.MVPTests;
				PRODUCT_NAME = "$(TARGET_NAME)";
				SWIFT_VERSION = 5.0;
				TARGETED_DEVICE_FAMILY = "1,2";
				TEST_HOST = "$(BUILT_PRODUCTS_DIR)/MVP.app/MVP";
			};
			name = Debug;
		};
		AE83256B2417F57F00D4C482 /* Release */ = {
			isa = XCBuildConfiguration;
			buildSettings = {
				ALWAYS_EMBED_SWIFT_STANDARD_LIBRARIES = YES;
				BUNDLE_LOADER = "$(TEST_HOST)";
				CODE_SIGN_STYLE = Automatic;
				DEVELOPMENT_TEAM = 65U2DYU8H7;
				INFOPLIST_FILE = MVPTests/Info.plist;
				IPHONEOS_DEPLOYMENT_TARGET = 13.2;
				LD_RUNPATH_SEARCH_PATHS = (
					"$(inherited)",
					"@executable_path/Frameworks",
					"@loader_path/Frameworks",
				);
				PRODUCT_BUNDLE_IDENTIFIER = com.yusufaisal.MVPTests;
				PRODUCT_NAME = "$(TARGET_NAME)";
				SWIFT_VERSION = 5.0;
				TARGETED_DEVICE_FAMILY = "1,2";
				TEST_HOST = "$(BUILT_PRODUCTS_DIR)/MVP.app/MVP";
			};
			name = Release;
		};
/* End XCBuildConfiguration section */

/* Begin XCConfigurationList section */
		AE83253F2417F57A00D4C482 /* Build configuration list for PBXProject "MVP" */ = {
			isa = XCConfigurationList;
			buildConfigurations = (
				AE8325642417F57F00D4C482 /* Debug */,
				AE8325652417F57F00D4C482 /* Release */,
			);
			defaultConfigurationIsVisible = 0;
			defaultConfigurationName = Release;
		};
		AE8325662417F57F00D4C482 /* Build configuration list for PBXNativeTarget "MVP" */ = {
			isa = XCConfigurationList;
			buildConfigurations = (
				AE8325672417F57F00D4C482 /* Debug */,
				AE8325682417F57F00D4C482 /* Release */,
			);
			defaultConfigurationIsVisible = 0;
			defaultConfigurationName = Release;
		};
		AE8325692417F57F00D4C482 /* Build configuration list for PBXNativeTarget "MVPTests" */ = {
			isa = XCConfigurationList;
			buildConfigurations = (
				AE83256A2417F57F00D4C482 /* Debug */,
				AE83256B2417F57F00D4C482 /* Release */,
			);
			defaultConfigurationIsVisible = 0;
			defaultConfigurationName = Release;
		};
/* End XCConfigurationList section */

/* Begin XCVersionGroup section */
		AE8325502417F57A00D4C482 /* MVP.xcdatamodeld */ = {
			isa = XCVersionGroup;
			children = (
				AE8325512417F57A00D4C482 /* MVP.xcdatamodel */,
			);
			currentVersion = AE8325512417F57A00D4C482 /* MVP.xcdatamodel */;
			path = MVP.xcdatamodeld;
			sourceTree = "<group>";
			versionGroupType = wrapper.xcdatamodel;
		};
/* End XCVersionGroup section */
	};
	rootObject = AE83253C2417F57A00D4C482 /* Project object */;
}
